
Microsoft Visual Studio Solution File, Format Version 12.00
# Visual Studio 15
VisualStudioVersion = 15.0.28010.0
MinimumVisualStudioVersion = 10.0.40219.1
Project("{FAE04EC0-301F-11D3-BF4B-00C04F79EFBC}") = "Compugem", "Compugem\Compugem.csproj", "{3E7EA243-7661-4C71-BE8A-AD9369B70635}"
EndProject
Project("{FAE04EC0-301F-11D3-BF4B-00C04F79EFBC}") = "WcfCompugem", "WcfCompugem\WcfCompugem.csproj", "{77546264-F03F-4A63-89A6-242C116DBAEC}"
EndProject
Project("{FAE04EC0-301F-11D3-BF4B-00C04F79EFBC}") = "BusinessObjects", "Data\BusinessObjects.csproj", "{87B2A97A-40DC-48E4-A125-54F7BE4AE1F6}"
EndProject
Project("{FAE04EC0-301F-11D3-BF4B-00C04F79EFBC}") = "DataAccess", "DataAccess\DataAccess.csproj", "{C8A8CBBB-ADA4-4433-9003-5FFB94F6E07D}"
EndProject
Global
	GlobalSection(SolutionConfigurationPlatforms) = preSolution
		Debug|Any CPU = Debug|Any CPU
		Release|Any CPU = Release|Any CPU
	EndGlobalSection
	GlobalSection(ProjectConfigurationPlatforms) = postSolution
		{3E7EA243-7661-4C71-BE8A-AD9369B70635}.Debug|Any CPU.ActiveCfg = Debug|Any CPU
		{3E7EA243-7661-4C71-BE8A-AD9369B70635}.Debug|Any CPU.Build.0 = Debug|Any CPU
		{3E7EA243-7661-4C71-BE8A-AD9369B70635}.Release|Any CPU.ActiveCfg = Release|Any CPU
		{3E7EA243-7661-4C71-BE8A-AD9369B70635}.Release|Any CPU.Build.0 = Release|Any CPU
		{77546264-F03F-4A63-89A6-242C116DBAEC}.Debug|Any CPU.ActiveCfg = Debug|Any CPU
		{77546264-F03F-4A63-89A6-242C116DBAEC}.Debug|Any CPU.Build.0 = Debug|Any CPU
		{77546264-F03F-4A63-89A6-242C116DBAEC}.Release|Any CPU.ActiveCfg = Release|Any CPU
		{77546264-F03F-4A63-89A6-242C116DBAEC}.Release|Any CPU.Build.0 = Release|Any CPU
		{87B2A97A-40DC-48E4-A125-54F7BE4AE1F6}.Debug|Any CPU.ActiveCfg = Debug|Any CPU
		{87B2A97A-40DC-48E4-A125-54F7BE4AE1F6}.Debug|Any CPU.Build.0 = Debug|Any CPU
		{87B2A97A-40DC-48E4-A125-54F7BE4AE1F6}.Release|Any CPU.ActiveCfg = Release|Any CPU
		{87B2A97A-40DC-48E4-A125-54F7BE4AE1F6}.Release|Any CPU.Build.0 = Release|Any CPU
		{C8A8CBBB-ADA4-4433-9003-5FFB94F6E07D}.Debug|Any CPU.ActiveCfg = Debug|Any CPU
		{C8A8CBBB-ADA4-4433-9003-5FFB94F6E07D}.Debug|Any CPU.Build.0 = Debug|Any CPU
		{C8A8CBBB-ADA4-4433-9003-5FFB94F6E07D}.Release|Any CPU.ActiveCfg = Release|Any CPU
		{C8A8CBBB-ADA4-4433-9003-5FFB94F6E07D}.Release|Any CPU.Build.0 = Release|Any CPU
	EndGlobalSection
	GlobalSection(SolutionProperties) = preSolution
		HideSolutionNode = FALSE
	EndGlobalSection
	GlobalSection(ExtensibilityGlobals) = postSolution
		SolutionGuid = {CCA1C8A8-98F5-4660-816F-8D1A9B78586F}
	EndGlobalSection
EndGlobal
